// !$*UTF8*$!
{
	archiveVersion = 1;
	classes = {
	};
	objectVersion = 56;
	objects = {

/* Begin PBXBuildFile section */
		6E24C0B32B9EF9F900B95FF5 /* UserSignupRequest.swift in Sources */ = {isa = PBXBuildFile; fileRef = 6E24C0B22B9EF9F900B95FF5 /* UserSignupRequest.swift */; };
		6E24C0B62B9EFD8100B95FF5 /* VetDetails.swift in Sources */ = {isa = PBXBuildFile; fileRef = 6E24C0B52B9EFD8100B95FF5 /* VetDetails.swift */; };
		6E24C0B82B9F178B00B95FF5 /* UserProfilePageViewController.swift in Sources */ = {isa = PBXBuildFile; fileRef = 6E24C0B72B9F178B00B95FF5 /* UserProfilePageViewController.swift */; };
		6E24C0BB2B9F1F9C00B95FF5 /* Status.swift in Sources */ = {isa = PBXBuildFile; fileRef = 6E24C0BA2B9F1F9C00B95FF5 /* Status.swift */; };
		6E24C0BD2BA0508E00B95FF5 /* BookingPageViewController.swift in Sources */ = {isa = PBXBuildFile; fileRef = 6E24C0BC2BA0508E00B95FF5 /* BookingPageViewController.swift */; };
		6E24C0BF2BA056A500B95FF5 /* VetDetailsViewController.swift in Sources */ = {isa = PBXBuildFile; fileRef = 6E24C0BE2BA056A500B95FF5 /* VetDetailsViewController.swift */; };
		6E24C0C12BA056F500B95FF5 /* HomeViewController.swift in Sources */ = {isa = PBXBuildFile; fileRef = 6E24C0C02BA056F500B95FF5 /* HomeViewController.swift */; };
		6E24C0C32BA0574500B95FF5 /* Home2ViewController.swift in Sources */ = {isa = PBXBuildFile; fileRef = 6E24C0C22BA0574500B95FF5 /* Home2ViewController.swift */; };
		6E24C0C52BA057A900B95FF5 /* MainTabBarController.swift in Sources */ = {isa = PBXBuildFile; fileRef = 6E24C0C42BA057A900B95FF5 /* MainTabBarController.swift */; };
		6E24C0C72BA0582D00B95FF5 /* MyRequestViewController.swift in Sources */ = {isa = PBXBuildFile; fileRef = 6E24C0C62BA0582D00B95FF5 /* MyRequestViewController.swift */; };
		6E24C0C92BA0587600B95FF5 /* FavouriteViewController.swift in Sources */ = {isa = PBXBuildFile; fileRef = 6E24C0C82BA0587600B95FF5 /* FavouriteViewController.swift */; };
		6E24C0CD2BA072BE00B95FF5 /* NetworkManager.swift in Sources */ = {isa = PBXBuildFile; fileRef = 6E24C0CC2BA072BE00B95FF5 /* NetworkManager.swift */; };
		6E24C0CF2BA0733700B95FF5 /* SignInResponse.swift in Sources */ = {isa = PBXBuildFile; fileRef = 6E24C0CE2BA0733700B95FF5 /* SignInResponse.swift */; };
		6E24C0D12BA0736500B95FF5 /* WelcomePageViewController.swift in Sources */ = {isa = PBXBuildFile; fileRef = 6E24C0D02BA0736500B95FF5 /* WelcomePageViewController.swift */; };
		6E24C0D32BA073C400B95FF5 /* SignInViewController.swift in Sources */ = {isa = PBXBuildFile; fileRef = 6E24C0D22BA073C400B95FF5 /* SignInViewController.swift */; };
		6E24C0D52BA0743500B95FF5 /* SignUpVetViewController.swift in Sources */ = {isa = PBXBuildFile; fileRef = 6E24C0D42BA0743500B95FF5 /* SignUpVetViewController.swift */; };
		6E24C0D72BA0746F00B95FF5 /* SignUpUserViewController.swift in Sources */ = {isa = PBXBuildFile; fileRef = 6E24C0D62BA0746F00B95FF5 /* SignUpUserViewController.swift */; };
		89A3C6AF2BA1948F00E1FB3F /* GetVetsResponse.swift in Sources */ = {isa = PBXBuildFile; fileRef = 89A3C6AE2BA1948F00E1FB3F /* GetVetsResponse.swift */; };
		AE1AF5182BA31B8800C954F9 /* BookRequest.swift in Sources */ = {isa = PBXBuildFile; fileRef = AE1AF5172BA31B8800C954F9 /* BookRequest.swift */; };
		AE1AF51A2BA31C1500C954F9 /* FavoriteTableViewCell.swift in Sources */ = {isa = PBXBuildFile; fileRef = AE1AF5192BA31C1500C954F9 /* FavoriteTableViewCell.swift */; };
		AE1AF51C2BA31C4F00C954F9 /* MyRequestTableViewCell.swift in Sources */ = {isa = PBXBuildFile; fileRef = AE1AF51B2BA31C4F00C954F9 /* MyRequestTableViewCell.swift */; };
		FC4959CB2BA1BEFA00849462 /* SigninRequest.swift in Sources */ = {isa = PBXBuildFile; fileRef = FC4959CA2BA1BEFA00849462 /* SigninRequest.swift */; };
		FC5C23272B9EE47500AD3E86 /* AppDelegate.swift in Sources */ = {isa = PBXBuildFile; fileRef = FC5C23262B9EE47500AD3E86 /* AppDelegate.swift */; };
		FC5C23292B9EE47500AD3E86 /* SceneDelegate.swift in Sources */ = {isa = PBXBuildFile; fileRef = FC5C23282B9EE47500AD3E86 /* SceneDelegate.swift */; };
		FC5C232B2B9EE47500AD3E86 /* VetProfilePageViewController.swift in Sources */ = {isa = PBXBuildFile; fileRef = FC5C232A2B9EE47500AD3E86 /* VetProfilePageViewController.swift */; };
		FC5C23302B9EE47600AD3E86 /* Assets.xcassets in Resources */ = {isa = PBXBuildFile; fileRef = FC5C232F2B9EE47600AD3E86 /* Assets.xcassets */; };
		FC5C23332B9EE47600AD3E86 /* LaunchScreen.storyboard in Resources */ = {isa = PBXBuildFile; fileRef = FC5C23312B9EE47600AD3E86 /* LaunchScreen.storyboard */; };
		FC5C233C2B9EE4B000AD3E86 /* Kingfisher in Frameworks */ = {isa = PBXBuildFile; productRef = FC5C233B2B9EE4B000AD3E86 /* Kingfisher */; };
		FC5C233F2B9EE4C100AD3E86 /* Eureka in Frameworks */ = {isa = PBXBuildFile; productRef = FC5C233E2B9EE4C100AD3E86 /* Eureka */; };
		FC5C23422B9EE4CE00AD3E86 /* Alamofire in Frameworks */ = {isa = PBXBuildFile; productRef = FC5C23412B9EE4CE00AD3E86 /* Alamofire */; };
		FC5C23442B9EE4CE00AD3E86 /* AlamofireDynamic in Frameworks */ = {isa = PBXBuildFile; productRef = FC5C23432B9EE4CE00AD3E86 /* AlamofireDynamic */; };
		FC5C23472B9EE4D900AD3E86 /* SnapKit in Frameworks */ = {isa = PBXBuildFile; productRef = FC5C23462B9EE4D900AD3E86 /* SnapKit */; };
		FC5C23492B9EE4D900AD3E86 /* SnapKit-Dynamic in Frameworks */ = {isa = PBXBuildFile; productRef = FC5C23482B9EE4D900AD3E86 /* SnapKit-Dynamic */; };
/* End PBXBuildFile section */

/* Begin PBXFileReference section */
		6E24C0B22B9EF9F900B95FF5 /* UserSignupRequest.swift */ = {isa = PBXFileReference; lastKnownFileType = sourcecode.swift; path = UserSignupRequest.swift; sourceTree = "<group>"; };
		6E24C0B52B9EFD8100B95FF5 /* VetDetails.swift */ = {isa = PBXFileReference; lastKnownFileType = sourcecode.swift; path = VetDetails.swift; sourceTree = "<group>"; };
		6E24C0B72B9F178B00B95FF5 /* UserProfilePageViewController.swift */ = {isa = PBXFileReference; lastKnownFileType = sourcecode.swift; path = UserProfilePageViewController.swift; sourceTree = "<group>"; };
		6E24C0BA2B9F1F9C00B95FF5 /* Status.swift */ = {isa = PBXFileReference; lastKnownFileType = sourcecode.swift; path = Status.swift; sourceTree = "<group>"; };
		6E24C0BC2BA0508E00B95FF5 /* BookingPageViewController.swift */ = {isa = PBXFileReference; lastKnownFileType = sourcecode.swift; path = BookingPageViewController.swift; sourceTree = "<group>"; };
		6E24C0BE2BA056A500B95FF5 /* VetDetailsViewController.swift */ = {isa = PBXFileReference; lastKnownFileType = sourcecode.swift; path = VetDetailsViewController.swift; sourceTree = "<group>"; };
		6E24C0C02BA056F500B95FF5 /* HomeViewController.swift */ = {isa = PBXFileReference; lastKnownFileType = sourcecode.swift; path = HomeViewController.swift; sourceTree = "<group>"; };
		6E24C0C22BA0574500B95FF5 /* Home2ViewController.swift */ = {isa = PBXFileReference; lastKnownFileType = sourcecode.swift; path = Home2ViewController.swift; sourceTree = "<group>"; };
		6E24C0C42BA057A900B95FF5 /* MainTabBarController.swift */ = {isa = PBXFileReference; lastKnownFileType = sourcecode.swift; path = MainTabBarController.swift; sourceTree = "<group>"; };
		6E24C0C62BA0582D00B95FF5 /* MyRequestViewController.swift */ = {isa = PBXFileReference; lastKnownFileType = sourcecode.swift; path = MyRequestViewController.swift; sourceTree = "<group>"; };
		6E24C0C82BA0587600B95FF5 /* FavouriteViewController.swift */ = {isa = PBXFileReference; lastKnownFileType = sourcecode.swift; path = FavouriteViewController.swift; sourceTree = "<group>"; };
		6E24C0CC2BA072BE00B95FF5 /* NetworkManager.swift */ = {isa = PBXFileReference; lastKnownFileType = sourcecode.swift; path = NetworkManager.swift; sourceTree = "<group>"; };
		6E24C0CE2BA0733700B95FF5 /* SignInResponse.swift */ = {isa = PBXFileReference; lastKnownFileType = sourcecode.swift; path = SignInResponse.swift; sourceTree = "<group>"; };
		6E24C0D02BA0736500B95FF5 /* WelcomePageViewController.swift */ = {isa = PBXFileReference; lastKnownFileType = sourcecode.swift; path = WelcomePageViewController.swift; sourceTree = "<group>"; };
		6E24C0D22BA073C400B95FF5 /* SignInViewController.swift */ = {isa = PBXFileReference; lastKnownFileType = sourcecode.swift; path = SignInViewController.swift; sourceTree = "<group>"; };
		6E24C0D42BA0743500B95FF5 /* SignUpVetViewController.swift */ = {isa = PBXFileReference; lastKnownFileType = sourcecode.swift; path = SignUpVetViewController.swift; sourceTree = "<group>"; };
		6E24C0D62BA0746F00B95FF5 /* SignUpUserViewController.swift */ = {isa = PBXFileReference; lastKnownFileType = sourcecode.swift; path = SignUpUserViewController.swift; sourceTree = "<group>"; };
		89A3C6AE2BA1948F00E1FB3F /* GetVetsResponse.swift */ = {isa = PBXFileReference; lastKnownFileType = sourcecode.swift; path = GetVetsResponse.swift; sourceTree = "<group>"; };
		AE1AF5172BA31B8800C954F9 /* BookRequest.swift */ = {isa = PBXFileReference; lastKnownFileType = sourcecode.swift; path = BookRequest.swift; sourceTree = "<group>"; };
		AE1AF5192BA31C1500C954F9 /* FavoriteTableViewCell.swift */ = {isa = PBXFileReference; lastKnownFileType = sourcecode.swift; path = FavoriteTableViewCell.swift; sourceTree = "<group>"; };
		AE1AF51B2BA31C4F00C954F9 /* MyRequestTableViewCell.swift */ = {isa = PBXFileReference; lastKnownFileType = sourcecode.swift; path = MyRequestTableViewCell.swift; sourceTree = "<group>"; };
		FC4959CA2BA1BEFA00849462 /* SigninRequest.swift */ = {isa = PBXFileReference; lastKnownFileType = sourcecode.swift; path = SigninRequest.swift; sourceTree = "<group>"; };
		FC5C23232B9EE47500AD3E86 /* VetApp.app */ = {isa = PBXFileReference; explicitFileType = wrapper.application; includeInIndex = 0; path = VetApp.app; sourceTree = BUILT_PRODUCTS_DIR; };
		FC5C23262B9EE47500AD3E86 /* AppDelegate.swift */ = {isa = PBXFileReference; lastKnownFileType = sourcecode.swift; path = AppDelegate.swift; sourceTree = "<group>"; };
		FC5C23282B9EE47500AD3E86 /* SceneDelegate.swift */ = {isa = PBXFileReference; lastKnownFileType = sourcecode.swift; path = SceneDelegate.swift; sourceTree = "<group>"; };
		FC5C232A2B9EE47500AD3E86 /* VetProfilePageViewController.swift */ = {isa = PBXFileReference; lastKnownFileType = sourcecode.swift; path = VetProfilePageViewController.swift; sourceTree = "<group>"; };
		FC5C232F2B9EE47600AD3E86 /* Assets.xcassets */ = {isa = PBXFileReference; lastKnownFileType = folder.assetcatalog; path = Assets.xcassets; sourceTree = "<group>"; };
		FC5C23322B9EE47600AD3E86 /* Base */ = {isa = PBXFileReference; lastKnownFileType = file.storyboard; name = Base; path = Base.lproj/LaunchScreen.storyboard; sourceTree = "<group>"; };
		FC5C23342B9EE47600AD3E86 /* Info.plist */ = {isa = PBXFileReference; lastKnownFileType = text.plist.xml; path = Info.plist; sourceTree = "<group>"; };
/* End PBXFileReference section */

/* Begin PBXFrameworksBuildPhase section */
		FC5C23202B9EE47500AD3E86 /* Frameworks */ = {
			isa = PBXFrameworksBuildPhase;
			buildActionMask = 2147483647;
			files = (
				FC5C23422B9EE4CE00AD3E86 /* Alamofire in Frameworks */,
				FC5C23442B9EE4CE00AD3E86 /* AlamofireDynamic in Frameworks */,
				FC5C233C2B9EE4B000AD3E86 /* Kingfisher in Frameworks */,
				FC5C233F2B9EE4C100AD3E86 /* Eureka in Frameworks */,
				FC5C23472B9EE4D900AD3E86 /* SnapKit in Frameworks */,
				FC5C23492B9EE4D900AD3E86 /* SnapKit-Dynamic in Frameworks */,
			);
			runOnlyForDeploymentPostprocessing = 0;
		};
/* End PBXFrameworksBuildPhase section */

/* Begin PBXGroup section */
		6E24C0B12B9EF9E500B95FF5 /* Model */ = {
			isa = PBXGroup;
			children = (
				6E24C0B22B9EF9F900B95FF5 /* UserSignupRequest.swift */,
				6E24C0B52B9EFD8100B95FF5 /* VetDetails.swift */,
				6E24C0BA2B9F1F9C00B95FF5 /* Status.swift */,
				6E24C0CE2BA0733700B95FF5 /* SignInResponse.swift */,
				89A3C6AE2BA1948F00E1FB3F /* GetVetsResponse.swift */,
				FC4959CA2BA1BEFA00849462 /* SigninRequest.swift */,
				AE1AF5172BA31B8800C954F9 /* BookRequest.swift */,
			);
			path = Model;
			sourceTree = "<group>";
		};
		6E24C0B92B9F1F6700B95FF5 /* VC */ = {
			isa = PBXGroup;
			children = (
				FC5C232A2B9EE47500AD3E86 /* VetProfilePageViewController.swift */,
				6E24C0B72B9F178B00B95FF5 /* UserProfilePageViewController.swift */,
				6E24C0BC2BA0508E00B95FF5 /* BookingPageViewController.swift */,
				6E24C0BE2BA056A500B95FF5 /* VetDetailsViewController.swift */,
				6E24C0C02BA056F500B95FF5 /* HomeViewController.swift */,
				6E24C0C22BA0574500B95FF5 /* Home2ViewController.swift */,
				6E24C0C42BA057A900B95FF5 /* MainTabBarController.swift */,
				6E24C0C62BA0582D00B95FF5 /* MyRequestViewController.swift */,
				6E24C0C82BA0587600B95FF5 /* FavouriteViewController.swift */,
				6E24C0D02BA0736500B95FF5 /* WelcomePageViewController.swift */,
				6E24C0D22BA073C400B95FF5 /* SignInViewController.swift */,
				6E24C0D42BA0743500B95FF5 /* SignUpVetViewController.swift */,
				6E24C0D62BA0746F00B95FF5 /* SignUpUserViewController.swift */,
				AE1AF5192BA31C1500C954F9 /* FavoriteTableViewCell.swift */,
				AE1AF51B2BA31C4F00C954F9 /* MyRequestTableViewCell.swift */,
			);
			path = VC;
			sourceTree = "<group>";
		};
		89A3C6AD2BA18B8800E1FB3F /* NetworkManager */ = {
			isa = PBXGroup;
			children = (
				6E24C0CC2BA072BE00B95FF5 /* NetworkManager.swift */,
			);
			path = NetworkManager;
			sourceTree = "<group>";
		};
		FC5C231A2B9EE47500AD3E86 = {
			isa = PBXGroup;
			children = (
				FC5C23252B9EE47500AD3E86 /* VetApp */,
				FC5C23242B9EE47500AD3E86 /* Products */,
			);
			sourceTree = "<group>";
		};
		FC5C23242B9EE47500AD3E86 /* Products */ = {
			isa = PBXGroup;
			children = (
				FC5C23232B9EE47500AD3E86 /* VetApp.app */,
			);
			name = Products;
			sourceTree = "<group>";
		};
		FC5C23252B9EE47500AD3E86 /* VetApp */ = {
			isa = PBXGroup;
			children = (
				89A3C6AD2BA18B8800E1FB3F /* NetworkManager */,
				6E24C0B12B9EF9E500B95FF5 /* Model */,
				6E24C0B92B9F1F6700B95FF5 /* VC */,
				FC5C23262B9EE47500AD3E86 /* AppDelegate.swift */,
				FC5C23282B9EE47500AD3E86 /* SceneDelegate.swift */,
				FC5C232F2B9EE47600AD3E86 /* Assets.xcassets */,
				FC5C23312B9EE47600AD3E86 /* LaunchScreen.storyboard */,
				FC5C23342B9EE47600AD3E86 /* Info.plist */,
			);
			path = VetApp;
			sourceTree = "<group>";
		};
/* End PBXGroup section */

/* Begin PBXNativeTarget section */
		FC5C23222B9EE47500AD3E86 /* VetApp */ = {
			isa = PBXNativeTarget;
			buildConfigurationList = FC5C23372B9EE47600AD3E86 /* Build configuration list for PBXNativeTarget "VetApp" */;
			buildPhases = (
				FC5C231F2B9EE47500AD3E86 /* Sources */,
				FC5C23202B9EE47500AD3E86 /* Frameworks */,
				FC5C23212B9EE47500AD3E86 /* Resources */,
			);
			buildRules = (
			);
			dependencies = (
			);
			name = VetApp;
			packageProductDependencies = (
				FC5C233B2B9EE4B000AD3E86 /* Kingfisher */,
				FC5C233E2B9EE4C100AD3E86 /* Eureka */,
				FC5C23412B9EE4CE00AD3E86 /* Alamofire */,
				FC5C23432B9EE4CE00AD3E86 /* AlamofireDynamic */,
				FC5C23462B9EE4D900AD3E86 /* SnapKit */,
				FC5C23482B9EE4D900AD3E86 /* SnapKit-Dynamic */,
			);
			productName = VetApp;
			productReference = FC5C23232B9EE47500AD3E86 /* VetApp.app */;
			productType = "com.apple.product-type.application";
		};
/* End PBXNativeTarget section */

/* Begin PBXProject section */
		FC5C231B2B9EE47500AD3E86 /* Project object */ = {
			isa = PBXProject;
			attributes = {
				BuildIndependentTargetsInParallel = 1;
				LastSwiftUpdateCheck = 1520;
				LastUpgradeCheck = 1520;
				TargetAttributes = {
					FC5C23222B9EE47500AD3E86 = {
						CreatedOnToolsVersion = 15.2;
					};
				};
			};
			buildConfigurationList = FC5C231E2B9EE47500AD3E86 /* Build configuration list for PBXProject "VetApp" */;
			compatibilityVersion = "Xcode 14.0";
			developmentRegion = en;
			hasScannedForEncodings = 0;
			knownRegions = (
				en,
				Base,
			);
			mainGroup = FC5C231A2B9EE47500AD3E86;
			packageReferences = (
				FC5C233A2B9EE4B000AD3E86 /* XCRemoteSwiftPackageReference "Kingfisher" */,
				FC5C233D2B9EE4C100AD3E86 /* XCRemoteSwiftPackageReference "Eureka" */,
				FC5C23402B9EE4CE00AD3E86 /* XCRemoteSwiftPackageReference "Alamofire" */,
				FC5C23452B9EE4D900AD3E86 /* XCRemoteSwiftPackageReference "SnapKit" */,
			);
			productRefGroup = FC5C23242B9EE47500AD3E86 /* Products */;
			projectDirPath = "";
			projectRoot = "";
			targets = (
				FC5C23222B9EE47500AD3E86 /* VetApp */,
			);
		};
/* End PBXProject section */

/* Begin PBXResourcesBuildPhase section */
		FC5C23212B9EE47500AD3E86 /* Resources */ = {
			isa = PBXResourcesBuildPhase;
			buildActionMask = 2147483647;
			files = (
				FC5C23332B9EE47600AD3E86 /* LaunchScreen.storyboard in Resources */,
				FC5C23302B9EE47600AD3E86 /* Assets.xcassets in Resources */,
			);
			runOnlyForDeploymentPostprocessing = 0;
		};
/* End PBXResourcesBuildPhase section */

/* Begin PBXSourcesBuildPhase section */
		FC5C231F2B9EE47500AD3E86 /* Sources */ = {
			isa = PBXSourcesBuildPhase;
			buildActionMask = 2147483647;
			files = (
				AE1AF5182BA31B8800C954F9 /* BookRequest.swift in Sources */,
				AE1AF51A2BA31C1500C954F9 /* FavoriteTableViewCell.swift in Sources */,
				6E24C0B32B9EF9F900B95FF5 /* UserSignupRequest.swift in Sources */,
				6E24C0B62B9EFD8100B95FF5 /* VetDetails.swift in Sources */,
				6E24C0C52BA057A900B95FF5 /* MainTabBarController.swift in Sources */,
				FC4959CB2BA1BEFA00849462 /* SigninRequest.swift in Sources */,
				6E24C0C72BA0582D00B95FF5 /* MyRequestViewController.swift in Sources */,
				6E24C0C92BA0587600B95FF5 /* FavouriteViewController.swift in Sources */,
				6E24C0BB2B9F1F9C00B95FF5 /* Status.swift in Sources */,
				6E24C0CF2BA0733700B95FF5 /* SignInResponse.swift in Sources */,
				6E24C0D52BA0743500B95FF5 /* SignUpVetViewController.swift in Sources */,
				6E24C0B82B9F178B00B95FF5 /* UserProfilePageViewController.swift in Sources */,
				6E24C0D72BA0746F00B95FF5 /* SignUpUserViewController.swift in Sources */,
				6E24C0D12BA0736500B95FF5 /* WelcomePageViewController.swift in Sources */,
				AE1AF51C2BA31C4F00C954F9 /* MyRequestTableViewCell.swift in Sources */,
				6E24C0BF2BA056A500B95FF5 /* VetDetailsViewController.swift in Sources */,
				6E24C0C12BA056F500B95FF5 /* HomeViewController.swift in Sources */,
				FC5C232B2B9EE47500AD3E86 /* VetProfilePageViewController.swift in Sources */,
				FC5C23272B9EE47500AD3E86 /* AppDelegate.swift in Sources */,
				6E24C0C32BA0574500B95FF5 /* Home2ViewController.swift in Sources */,
				6E24C0D32BA073C400B95FF5 /* SignInViewController.swift in Sources */,
				6E24C0CD2BA072BE00B95FF5 /* NetworkManager.swift in Sources */,
				FC5C23292B9EE47500AD3E86 /* SceneDelegate.swift in Sources */,
				89A3C6AF2BA1948F00E1FB3F /* GetVetsResponse.swift in Sources */,
				6E24C0BD2BA0508E00B95FF5 /* BookingPageViewController.swift in Sources */,
			);
			runOnlyForDeploymentPostprocessing = 0;
		};
/* End PBXSourcesBuildPhase section */

/* Begin PBXVariantGroup section */
		FC5C23312B9EE47600AD3E86 /* LaunchScreen.storyboard */ = {
			isa = PBXVariantGroup;
			children = (
				FC5C23322B9EE47600AD3E86 /* Base */,
			);
			name = LaunchScreen.storyboard;
			sourceTree = "<group>";
		};
/* End PBXVariantGroup section */

/* Begin XCBuildConfiguration section */
		FC5C23352B9EE47600AD3E86 /* Debug */ = {
			isa = XCBuildConfiguration;
			buildSettings = {
				ALWAYS_SEARCH_USER_PATHS = NO;
				ASSETCATALOG_COMPILER_GENERATE_SWIFT_ASSET_SYMBOL_EXTENSIONS = YES;
				CLANG_ANALYZER_NONNULL = YES;
				CLANG_ANALYZER_NUMBER_OBJECT_CONVERSION = YES_AGGRESSIVE;
				CLANG_CXX_LANGUAGE_STANDARD = "gnu++20";
				CLANG_ENABLE_MODULES = YES;
				CLANG_ENABLE_OBJC_ARC = YES;
				CLANG_ENABLE_OBJC_WEAK = YES;
				CLANG_WARN_BLOCK_CAPTURE_AUTORELEASING = YES;
				CLANG_WARN_BOOL_CONVERSION = YES;
				CLANG_WARN_COMMA = YES;
				CLANG_WARN_CONSTANT_CONVERSION = YES;
				CLANG_WARN_DEPRECATED_OBJC_IMPLEMENTATIONS = YES;
				CLANG_WARN_DIRECT_OBJC_ISA_USAGE = YES_ERROR;
				CLANG_WARN_DOCUMENTATION_COMMENTS = YES;
				CLANG_WARN_EMPTY_BODY = YES;
				CLANG_WARN_ENUM_CONVERSION = YES;
				CLANG_WARN_INFINITE_RECURSION = YES;
				CLANG_WARN_INT_CONVERSION = YES;
				CLANG_WARN_NON_LITERAL_NULL_CONVERSION = YES;
				CLANG_WARN_OBJC_IMPLICIT_RETAIN_SELF = YES;
				CLANG_WARN_OBJC_LITERAL_CONVERSION = YES;
				CLANG_WARN_OBJC_ROOT_CLASS = YES_ERROR;
				CLANG_WARN_QUOTED_INCLUDE_IN_FRAMEWORK_HEADER = YES;
				CLANG_WARN_RANGE_LOOP_ANALYSIS = YES;
				CLANG_WARN_STRICT_PROTOTYPES = YES;
				CLANG_WARN_SUSPICIOUS_MOVE = YES;
				CLANG_WARN_UNGUARDED_AVAILABILITY = YES_AGGRESSIVE;
				CLANG_WARN_UNREACHABLE_CODE = YES;
				CLANG_WARN__DUPLICATE_METHOD_MATCH = YES;
				COPY_PHASE_STRIP = NO;
				DEBUG_INFORMATION_FORMAT = dwarf;
				ENABLE_STRICT_OBJC_MSGSEND = YES;
				ENABLE_TESTABILITY = YES;
				ENABLE_USER_SCRIPT_SANDBOXING = YES;
				GCC_C_LANGUAGE_STANDARD = gnu17;
				GCC_DYNAMIC_NO_PIC = NO;
				GCC_NO_COMMON_BLOCKS = YES;
				GCC_OPTIMIZATION_LEVEL = 0;
				GCC_PREPROCESSOR_DEFINITIONS = (
					"DEBUG=1",
					"$(inherited)",
				);
				GCC_WARN_64_TO_32_BIT_CONVERSION = YES;
				GCC_WARN_ABOUT_RETURN_TYPE = YES_ERROR;
				GCC_WARN_UNDECLARED_SELECTOR = YES;
				GCC_WARN_UNINITIALIZED_AUTOS = YES_AGGRESSIVE;
				GCC_WARN_UNUSED_FUNCTION = YES;
				GCC_WARN_UNUSED_VARIABLE = YES;
				IPHONEOS_DEPLOYMENT_TARGET = 17.2;
				LOCALIZATION_PREFERS_STRING_CATALOGS = YES;
				MTL_ENABLE_DEBUG_INFO = INCLUDE_SOURCE;
				MTL_FAST_MATH = YES;
				ONLY_ACTIVE_ARCH = YES;
				SDKROOT = iphoneos;
				SWIFT_ACTIVE_COMPILATION_CONDITIONS = "DEBUG $(inherited)";
				SWIFT_OPTIMIZATION_LEVEL = "-Onone";
			};
			name = Debug;
		};
		FC5C23362B9EE47600AD3E86 /* Release */ = {
			isa = XCBuildConfiguration;
			buildSettings = {
				ALWAYS_SEARCH_USER_PATHS = NO;
				ASSETCATALOG_COMPILER_GENERATE_SWIFT_ASSET_SYMBOL_EXTENSIONS = YES;
				CLANG_ANALYZER_NONNULL = YES;
				CLANG_ANALYZER_NUMBER_OBJECT_CONVERSION = YES_AGGRESSIVE;
				CLANG_CXX_LANGUAGE_STANDARD = "gnu++20";
				CLANG_ENABLE_MODULES = YES;
				CLANG_ENABLE_OBJC_ARC = YES;
				CLANG_ENABLE_OBJC_WEAK = YES;
				CLANG_WARN_BLOCK_CAPTURE_AUTORELEASING = YES;
				CLANG_WARN_BOOL_CONVERSION = YES;
				CLANG_WARN_COMMA = YES;
				CLANG_WARN_CONSTANT_CONVERSION = YES;
				CLANG_WARN_DEPRECATED_OBJC_IMPLEMENTATIONS = YES;
				CLANG_WARN_DIRECT_OBJC_ISA_USAGE = YES_ERROR;
				CLANG_WARN_DOCUMENTATION_COMMENTS = YES;
				CLANG_WARN_EMPTY_BODY = YES;
				CLANG_WARN_ENUM_CONVERSION = YES;
				CLANG_WARN_INFINITE_RECURSION = YES;
				CLANG_WARN_INT_CONVERSION = YES;
				CLANG_WARN_NON_LITERAL_NULL_CONVERSION = YES;
				CLANG_WARN_OBJC_IMPLICIT_RETAIN_SELF = YES;
				CLANG_WARN_OBJC_LITERAL_CONVERSION = YES;
				CLANG_WARN_OBJC_ROOT_CLASS = YES_ERROR;
				CLANG_WARN_QUOTED_INCLUDE_IN_FRAMEWORK_HEADER = YES;
				CLANG_WARN_RANGE_LOOP_ANALYSIS = YES;
				CLANG_WARN_STRICT_PROTOTYPES = YES;
				CLANG_WARN_SUSPICIOUS_MOVE = YES;
				CLANG_WARN_UNGUARDED_AVAILABILITY = YES_AGGRESSIVE;
				CLANG_WARN_UNREACHABLE_CODE = YES;
				CLANG_WARN__DUPLICATE_METHOD_MATCH = YES;
				COPY_PHASE_STRIP = NO;
				DEBUG_INFORMATION_FORMAT = "dwarf-with-dsym";
				ENABLE_NS_ASSERTIONS = NO;
				ENABLE_STRICT_OBJC_MSGSEND = YES;
				ENABLE_USER_SCRIPT_SANDBOXING = YES;
				GCC_C_LANGUAGE_STANDARD = gnu17;
				GCC_NO_COMMON_BLOCKS = YES;
				GCC_WARN_64_TO_32_BIT_CONVERSION = YES;
				GCC_WARN_ABOUT_RETURN_TYPE = YES_ERROR;
				GCC_WARN_UNDECLARED_SELECTOR = YES;
				GCC_WARN_UNINITIALIZED_AUTOS = YES_AGGRESSIVE;
				GCC_WARN_UNUSED_FUNCTION = YES;
				GCC_WARN_UNUSED_VARIABLE = YES;
				IPHONEOS_DEPLOYMENT_TARGET = 17.2;
				LOCALIZATION_PREFERS_STRING_CATALOGS = YES;
				MTL_ENABLE_DEBUG_INFO = NO;
				MTL_FAST_MATH = YES;
				SDKROOT = iphoneos;
				SWIFT_COMPILATION_MODE = wholemodule;
				VALIDATE_PRODUCT = YES;
			};
			name = Release;
		};
		FC5C23382B9EE47600AD3E86 /* Debug */ = {
			isa = XCBuildConfiguration;
			buildSettings = {
				ASSETCATALOG_COMPILER_APPICON_NAME = AppIcon;
				ASSETCATALOG_COMPILER_GLOBAL_ACCENT_COLOR_NAME = AccentColor;
				CODE_SIGN_STYLE = Automatic;
				CURRENT_PROJECT_VERSION = 1;
				GENERATE_INFOPLIST_FILE = YES;
				INFOPLIST_FILE = VetApp/Info.plist;
				INFOPLIST_KEY_UIApplicationSupportsIndirectInputEvents = YES;
				INFOPLIST_KEY_UILaunchStoryboardName = LaunchScreen;
				INFOPLIST_KEY_UISupportedInterfaceOrientations_iPad = "UIInterfaceOrientationPortrait UIInterfaceOrientationPortraitUpsideDown UIInterfaceOrientationLandscapeLeft UIInterfaceOrientationLandscapeRight";
				INFOPLIST_KEY_UISupportedInterfaceOrientations_iPhone = "UIInterfaceOrientationPortrait UIInterfaceOrientationLandscapeLeft UIInterfaceOrientationLandscapeRight";
				LD_RUNPATH_SEARCH_PATHS = (
					"$(inherited)",
					"@executable_path/Frameworks",
				);
				MARKETING_VERSION = 1.0;
				PRODUCT_BUNDLE_IDENTIFIER = com.coded.VetApp;
				PRODUCT_NAME = "$(TARGET_NAME)";
				SUPPORTED_PLATFORMS = "iphoneos iphonesimulator";
				SUPPORTS_MACCATALYST = NO;
				SUPPORTS_MAC_DESIGNED_FOR_IPHONE_IPAD = NO;
				SUPPORTS_XR_DESIGNED_FOR_IPHONE_IPAD = NO;
				SWIFT_EMIT_LOC_STRINGS = YES;
				SWIFT_VERSION = 5.0;
				TARGETED_DEVICE_FAMILY = 1;
			};
			name = Debug;
		};
		FC5C23392B9EE47600AD3E86 /* Release */ = {
			isa = XCBuildConfiguration;
			buildSettings = {
				ASSETCATALOG_COMPILER_APPICON_NAME = AppIcon;
				ASSETCATALOG_COMPILER_GLOBAL_ACCENT_COLOR_NAME = AccentColor;
				CODE_SIGN_STYLE = Automatic;
				CURRENT_PROJECT_VERSION = 1;
				GENERATE_INFOPLIST_FILE = YES;
				INFOPLIST_FILE = VetApp/Info.plist;
				INFOPLIST_KEY_UIApplicationSupportsIndirectInputEvents = YES;
				INFOPLIST_KEY_UILaunchStoryboardName = LaunchScreen;
				INFOPLIST_KEY_UISupportedInterfaceOrientations_iPad = "UIInterfaceOrientationPortrait UIInterfaceOrientationPortraitUpsideDown UIInterfaceOrientationLandscapeLeft UIInterfaceOrientationLandscapeRight";
				INFOPLIST_KEY_UISupportedInterfaceOrientations_iPhone = "UIInterfaceOrientationPortrait UIInterfaceOrientationLandscapeLeft UIInterfaceOrientationLandscapeRight";
				LD_RUNPATH_SEARCH_PATHS = (
					"$(inherited)",
					"@executable_path/Frameworks",
				);
				MARKETING_VERSION = 1.0;
				PRODUCT_BUNDLE_IDENTIFIER = com.coded.VetApp;
				PRODUCT_NAME = "$(TARGET_NAME)";
				SUPPORTED_PLATFORMS = "iphoneos iphonesimulator";
				SUPPORTS_MACCATALYST = NO;
				SUPPORTS_MAC_DESIGNED_FOR_IPHONE_IPAD = NO;
				SUPPORTS_XR_DESIGNED_FOR_IPHONE_IPAD = NO;
				SWIFT_EMIT_LOC_STRINGS = YES;
				SWIFT_VERSION = 5.0;
				TARGETED_DEVICE_FAMILY = 1;
			};
			name = Release;
		};
/* End XCBuildConfiguration section */

/* Begin XCConfigurationList section */
		FC5C231E2B9EE47500AD3E86 /* Build configuration list for PBXProject "VetApp" */ = {
			isa = XCConfigurationList;
			buildConfigurations = (
				FC5C23352B9EE47600AD3E86 /* Debug */,
				FC5C23362B9EE47600AD3E86 /* Release */,
			);
			defaultConfigurationIsVisible = 0;
			defaultConfigurationName = Release;
		};
		FC5C23372B9EE47600AD3E86 /* Build configuration list for PBXNativeTarget "VetApp" */ = {
			isa = XCConfigurationList;
			buildConfigurations = (
				FC5C23382B9EE47600AD3E86 /* Debug */,
				FC5C23392B9EE47600AD3E86 /* Release */,
			);
			defaultConfigurationIsVisible = 0;
			defaultConfigurationName = Release;
		};
/* End XCConfigurationList section */

/* Begin XCRemoteSwiftPackageReference section */
		FC5C233A2B9EE4B000AD3E86 /* XCRemoteSwiftPackageReference "Kingfisher" */ = {
			isa = XCRemoteSwiftPackageReference;
			repositoryURL = "https://github.com/onevcat/Kingfisher.git";
			requirement = {
				kind = upToNextMajorVersion;
				minimumVersion = 7.11.0;
			};
		};
		FC5C233D2B9EE4C100AD3E86 /* XCRemoteSwiftPackageReference "Eureka" */ = {
			isa = XCRemoteSwiftPackageReference;
			repositoryURL = "https://github.com/xmartlabs/Eureka";
			requirement = {
				kind = upToNextMajorVersion;
				minimumVersion = 5.4.0;
			};
		};
		FC5C23402B9EE4CE00AD3E86 /* XCRemoteSwiftPackageReference "Alamofire" */ = {
			isa = XCRemoteSwiftPackageReference;
			repositoryURL = "https://github.com/Alamofire/Alamofire";
			requirement = {
				kind = upToNextMajorVersion;
				minimumVersion = 5.9.0;
			};
		};
		FC5C23452B9EE4D900AD3E86 /* XCRemoteSwiftPackageReference "SnapKit" */ = {
			isa = XCRemoteSwiftPackageReference;
			repositoryURL = "https://github.com/SnapKit/SnapKit.git";
			requirement = {
				kind = upToNextMajorVersion;
				minimumVersion = 5.7.1;
			};
		};
/* End XCRemoteSwiftPackageReference section */

/* Begin XCSwiftPackageProductDependency section */
		FC5C233B2B9EE4B000AD3E86 /* Kingfisher */ = {
			isa = XCSwiftPackageProductDependency;
			package = FC5C233A2B9EE4B000AD3E86 /* XCRemoteSwiftPackageReference "Kingfisher" */;
			productName = Kingfisher;
		};
		FC5C233E2B9EE4C100AD3E86 /* Eureka */ = {
			isa = XCSwiftPackageProductDependency;
			package = FC5C233D2B9EE4C100AD3E86 /* XCRemoteSwiftPackageReference "Eureka" */;
			productName = Eureka;
		};
		FC5C23412B9EE4CE00AD3E86 /* Alamofire */ = {
			isa = XCSwiftPackageProductDependency;
			package = FC5C23402B9EE4CE00AD3E86 /* XCRemoteSwiftPackageReference "Alamofire" */;
			productName = Alamofire;
		};
		FC5C23432B9EE4CE00AD3E86 /* AlamofireDynamic */ = {
			isa = XCSwiftPackageProductDependency;
			package = FC5C23402B9EE4CE00AD3E86 /* XCRemoteSwiftPackageReference "Alamofire" */;
			productName = AlamofireDynamic;
		};
		FC5C23462B9EE4D900AD3E86 /* SnapKit */ = {
			isa = XCSwiftPackageProductDependency;
			package = FC5C23452B9EE4D900AD3E86 /* XCRemoteSwiftPackageReference "SnapKit" */;
			productName = SnapKit;
		};
		FC5C23482B9EE4D900AD3E86 /* SnapKit-Dynamic */ = {
			isa = XCSwiftPackageProductDependency;
			package = FC5C23452B9EE4D900AD3E86 /* XCRemoteSwiftPackageReference "SnapKit" */;
			productName = "SnapKit-Dynamic";
		};
/* End XCSwiftPackageProductDependency section */
	};
	rootObject = FC5C231B2B9EE47500AD3E86 /* Project object */;
}
